
Microsoft Visual Studio Solution File, Format Version 12.00
# Visual Studio Version 17
VisualStudioVersion = 17.5.33516.290
MinimumVisualStudioVersion = 10.0.40219.1
Project("{FAE04EC0-301F-11D3-BF4B-00C04F79EFBC}") = "BogusTestApp", "BogusTestApp\BogusTestApp.csproj", "{8964ABEC-0EAD-44A8-9A91-4FA88E14906C}"
EndProject
Project("{2150E333-8FDC-42A3-9474-1A3956D46DE8}") = "Test용", "Test용", "{65385900-2E21-4626-84F8-72C6331C25D4}"
EndProject
Project("{2150E333-8FDC-42A3-9474-1A3956D46DE8}") = "MQTT Subscriber", "MQTT Subscriber", "{50D066CA-718A-40FC-BAB6-13E3AF2E717D}"
EndProject
Project("{2150E333-8FDC-42A3-9474-1A3956D46DE8}") = "MQTT Publisher", "MQTT Publisher", "{A869BA14-534B-4128-8B4F-D15B501A19D7}"
EndProject
Project("{FAE04EC0-301F-11D3-BF4B-00C04F79EFBC}") = "FakeIotDeviceApp", "FakerIotDeviceApp\FakeIotDeviceApp.csproj", "{F0F58D9D-B825-4660-AEC5-22196A92CEA0}"
EndProject
Project("{FAE04EC0-301F-11D3-BF4B-00C04F79EFBC}") = "SmartHomeMonitoringApp", "SmartHomeMonitoringApp\SmartHomeMonitoringApp.csproj", "{6C2B6466-51B4-4BDA-96BF-4A2BD5E40D6A}"
EndProject
Global
	GlobalSection(SolutionConfigurationPlatforms) = preSolution
		Debug|Any CPU = Debug|Any CPU
		Release|Any CPU = Release|Any CPU
	EndGlobalSection
	GlobalSection(ProjectConfigurationPlatforms) = postSolution
		{8964ABEC-0EAD-44A8-9A91-4FA88E14906C}.Debug|Any CPU.ActiveCfg = Debug|Any CPU
		{8964ABEC-0EAD-44A8-9A91-4FA88E14906C}.Debug|Any CPU.Build.0 = Debug|Any CPU
		{8964ABEC-0EAD-44A8-9A91-4FA88E14906C}.Release|Any CPU.ActiveCfg = Release|Any CPU
		{8964ABEC-0EAD-44A8-9A91-4FA88E14906C}.Release|Any CPU.Build.0 = Release|Any CPU
		{F0F58D9D-B825-4660-AEC5-22196A92CEA0}.Debug|Any CPU.ActiveCfg = Debug|Any CPU
		{F0F58D9D-B825-4660-AEC5-22196A92CEA0}.Debug|Any CPU.Build.0 = Debug|Any CPU
		{F0F58D9D-B825-4660-AEC5-22196A92CEA0}.Release|Any CPU.ActiveCfg = Release|Any CPU
		{F0F58D9D-B825-4660-AEC5-22196A92CEA0}.Release|Any CPU.Build.0 = Release|Any CPU
		{6C2B6466-51B4-4BDA-96BF-4A2BD5E40D6A}.Debug|Any CPU.ActiveCfg = Debug|Any CPU
		{6C2B6466-51B4-4BDA-96BF-4A2BD5E40D6A}.Debug|Any CPU.Build.0 = Debug|Any CPU
		{6C2B6466-51B4-4BDA-96BF-4A2BD5E40D6A}.Release|Any CPU.ActiveCfg = Release|Any CPU
		{6C2B6466-51B4-4BDA-96BF-4A2BD5E40D6A}.Release|Any CPU.Build.0 = Release|Any CPU
	EndGlobalSection
	GlobalSection(SolutionProperties) = preSolution
		HideSolutionNode = FALSE
	EndGlobalSection
	GlobalSection(NestedProjects) = preSolution
		{8964ABEC-0EAD-44A8-9A91-4FA88E14906C} = {65385900-2E21-4626-84F8-72C6331C25D4}
		{F0F58D9D-B825-4660-AEC5-22196A92CEA0} = {A869BA14-534B-4128-8B4F-D15B501A19D7}
		{6C2B6466-51B4-4BDA-96BF-4A2BD5E40D6A} = {50D066CA-718A-40FC-BAB6-13E3AF2E717D}
	EndGlobalSection
	GlobalSection(ExtensibilityGlobals) = postSolution
		SolutionGuid = {D8DA2971-C0D5-4435-8C89-70EE7EF2FA16}
	EndGlobalSection
EndGlobal
